// !$*UTF8*$!
{
	archiveVersion = 1;
	classes = {
	};
	objectVersion = 56;
	objects = {

/* Begin PBXBuildFile section */
		881C39062985AE250093E23F /* RegisterView.swift in Sources */ = {isa = PBXBuildFile; fileRef = 881C39052985AE240093E23F /* RegisterView.swift */; };
		881C39082985AE390093E23F /* LoginView.swift in Sources */ = {isa = PBXBuildFile; fileRef = 881C39072985AE390093E23F /* LoginView.swift */; };
		881C390A2985AEBC0093E23F /* Inputs.swift in Sources */ = {isa = PBXBuildFile; fileRef = 881C39092985AEBC0093E23F /* Inputs.swift */; };
		887F9DDF29951C4400145070 /* Date.swift in Sources */ = {isa = PBXBuildFile; fileRef = 887F9DDE29951C4400145070 /* Date.swift */; };
		88A816252984351200A102DB /* StatusApp.swift in Sources */ = {isa = PBXBuildFile; fileRef = 88A816242984351200A102DB /* StatusApp.swift */; };
		88A816272984351200A102DB /* ContentView.swift in Sources */ = {isa = PBXBuildFile; fileRef = 88A816262984351200A102DB /* ContentView.swift */; };
		88A816292984351400A102DB /* Assets.xcassets in Resources */ = {isa = PBXBuildFile; fileRef = 88A816282984351400A102DB /* Assets.xcassets */; };
		88A8162C2984351400A102DB /* Preview Assets.xcassets in Resources */ = {isa = PBXBuildFile; fileRef = 88A8162B2984351400A102DB /* Preview Assets.xcassets */; };
		88A816362984351400A102DB /* StatusTests.swift in Sources */ = {isa = PBXBuildFile; fileRef = 88A816352984351400A102DB /* StatusTests.swift */; };
		88A816402984351400A102DB /* StatusUITests.swift in Sources */ = {isa = PBXBuildFile; fileRef = 88A8163F2984351400A102DB /* StatusUITests.swift */; };
		88A816422984351400A102DB /* StatusUITestsLaunchTests.swift in Sources */ = {isa = PBXBuildFile; fileRef = 88A816412984351400A102DB /* StatusUITestsLaunchTests.swift */; };
		88A816512984356D00A102DB /* AuthViewModel.swift in Sources */ = {isa = PBXBuildFile; fileRef = 88A816502984356D00A102DB /* AuthViewModel.swift */; };
		88A816542984359300A102DB /* AuthView.swift in Sources */ = {isa = PBXBuildFile; fileRef = 88A816532984359300A102DB /* AuthView.swift */; };
		88B5E4702986FC4C00568BB5 /* Color.swift in Sources */ = {isa = PBXBuildFile; fileRef = 88B5E46F2986FC4C00568BB5 /* Color.swift */; };
		88B5E47729880A0300568BB5 /* AuthRepository.swift in Sources */ = {isa = PBXBuildFile; fileRef = 88B5E47629880A0300568BB5 /* AuthRepository.swift */; };
		88B5E47929880A1900568BB5 /* Status.swift in Sources */ = {isa = PBXBuildFile; fileRef = 88B5E47829880A1900568BB5 /* Status.swift */; };
		88B5E47B298815E200568BB5 /* DebugConfig.xcconfig in Resources */ = {isa = PBXBuildFile; fileRef = 88B5E47A298815E200568BB5 /* DebugConfig.xcconfig */; };
		88B5E47C298815E200568BB5 /* DebugConfig.xcconfig in Resources */ = {isa = PBXBuildFile; fileRef = 88B5E47A298815E200568BB5 /* DebugConfig.xcconfig */; };
		88B5E47D298815E200568BB5 /* DebugConfig.xcconfig in Resources */ = {isa = PBXBuildFile; fileRef = 88B5E47A298815E200568BB5 /* DebugConfig.xcconfig */; };
		88B5E481298822F300568BB5 /* String.swift in Sources */ = {isa = PBXBuildFile; fileRef = 88B5E480298822F300568BB5 /* String.swift */; };
/* End PBXBuildFile section */

/* Begin PBXContainerItemProxy section */
		88A816322984351400A102DB /* PBXContainerItemProxy */ = {
			isa = PBXContainerItemProxy;
			containerPortal = 88A816192984351200A102DB /* Project object */;
			proxyType = 1;
			remoteGlobalIDString = 88A816202984351200A102DB;
			remoteInfo = Status;
		};
		88A8163C2984351400A102DB /* PBXContainerItemProxy */ = {
			isa = PBXContainerItemProxy;
			containerPortal = 88A816192984351200A102DB /* Project object */;
			proxyType = 1;
			remoteGlobalIDString = 88A816202984351200A102DB;
			remoteInfo = Status;
		};
/* End PBXContainerItemProxy section */

/* Begin PBXFileReference section */
		881C39052985AE240093E23F /* RegisterView.swift */ = {isa = PBXFileReference; lastKnownFileType = sourcecode.swift; path = RegisterView.swift; sourceTree = "<group>"; };
		881C39072985AE390093E23F /* LoginView.swift */ = {isa = PBXFileReference; lastKnownFileType = sourcecode.swift; path = LoginView.swift; sourceTree = "<group>"; };
		881C39092985AEBC0093E23F /* Inputs.swift */ = {isa = PBXFileReference; lastKnownFileType = sourcecode.swift; path = Inputs.swift; sourceTree = "<group>"; };
		88580FF8298ABF330097D893 /* .swiftlint.yml */ = {isa = PBXFileReference; lastKnownFileType = text.yaml; path = .swiftlint.yml; sourceTree = "<group>"; };
		887F9DDE29951C4400145070 /* Date.swift */ = {isa = PBXFileReference; lastKnownFileType = sourcecode.swift; path = Date.swift; sourceTree = "<group>"; };
		88A816212984351200A102DB /* Status.app */ = {isa = PBXFileReference; explicitFileType = wrapper.application; includeInIndex = 0; path = Status.app; sourceTree = BUILT_PRODUCTS_DIR; };
		88A816242984351200A102DB /* StatusApp.swift */ = {isa = PBXFileReference; lastKnownFileType = sourcecode.swift; path = StatusApp.swift; sourceTree = "<group>"; };
		88A816262984351200A102DB /* ContentView.swift */ = {isa = PBXFileReference; lastKnownFileType = sourcecode.swift; path = ContentView.swift; sourceTree = "<group>"; };
		88A816282984351400A102DB /* Assets.xcassets */ = {isa = PBXFileReference; lastKnownFileType = folder.assetcatalog; path = Assets.xcassets; sourceTree = "<group>"; };
		88A8162B2984351400A102DB /* Preview Assets.xcassets */ = {isa = PBXFileReference; lastKnownFileType = folder.assetcatalog; path = "Preview Assets.xcassets"; sourceTree = "<group>"; };
		88A816312984351400A102DB /* StatusTests.xctest */ = {isa = PBXFileReference; explicitFileType = wrapper.cfbundle; includeInIndex = 0; path = StatusTests.xctest; sourceTree = BUILT_PRODUCTS_DIR; };
		88A816352984351400A102DB /* StatusTests.swift */ = {isa = PBXFileReference; lastKnownFileType = sourcecode.swift; path = StatusTests.swift; sourceTree = "<group>"; };
		88A8163B2984351400A102DB /* StatusUITests.xctest */ = {isa = PBXFileReference; explicitFileType = wrapper.cfbundle; includeInIndex = 0; path = StatusUITests.xctest; sourceTree = BUILT_PRODUCTS_DIR; };
		88A8163F2984351400A102DB /* StatusUITests.swift */ = {isa = PBXFileReference; lastKnownFileType = sourcecode.swift; path = StatusUITests.swift; sourceTree = "<group>"; };
		88A816412984351400A102DB /* StatusUITestsLaunchTests.swift */ = {isa = PBXFileReference; lastKnownFileType = sourcecode.swift; path = StatusUITestsLaunchTests.swift; sourceTree = "<group>"; };
		88A816502984356D00A102DB /* AuthViewModel.swift */ = {isa = PBXFileReference; lastKnownFileType = sourcecode.swift; path = AuthViewModel.swift; sourceTree = "<group>"; };
		88A816532984359300A102DB /* AuthView.swift */ = {isa = PBXFileReference; lastKnownFileType = sourcecode.swift; path = AuthView.swift; sourceTree = "<group>"; };
		88B5E46F2986FC4C00568BB5 /* Color.swift */ = {isa = PBXFileReference; lastKnownFileType = sourcecode.swift; path = Color.swift; sourceTree = "<group>"; };
		88B5E47629880A0300568BB5 /* AuthRepository.swift */ = {isa = PBXFileReference; lastKnownFileType = sourcecode.swift; path = AuthRepository.swift; sourceTree = "<group>"; };
		88B5E47829880A1900568BB5 /* Status.swift */ = {isa = PBXFileReference; lastKnownFileType = sourcecode.swift; path = Status.swift; sourceTree = "<group>"; };
		88B5E47A298815E200568BB5 /* DebugConfig.xcconfig */ = {isa = PBXFileReference; lastKnownFileType = text.xcconfig; path = DebugConfig.xcconfig; sourceTree = "<group>"; };
		88B5E47E298816E000568BB5 /* ReleaseConfig.xcconfig */ = {isa = PBXFileReference; lastKnownFileType = text.xcconfig; path = ReleaseConfig.xcconfig; sourceTree = "<group>"; };
		88B5E47F29881AFE00568BB5 /* Info.plist */ = {isa = PBXFileReference; lastKnownFileType = text.plist; path = Info.plist; sourceTree = "<group>"; };
		88B5E480298822F300568BB5 /* String.swift */ = {isa = PBXFileReference; lastKnownFileType = sourcecode.swift; path = String.swift; sourceTree = "<group>"; };
/* End PBXFileReference section */

/* Begin PBXFrameworksBuildPhase section */
		88A8161E2984351200A102DB /* Frameworks */ = {
			isa = PBXFrameworksBuildPhase;
			buildActionMask = 2147483647;
			files = (
			);
			runOnlyForDeploymentPostprocessing = 0;
		};
		88A8162E2984351400A102DB /* Frameworks */ = {
			isa = PBXFrameworksBuildPhase;
			buildActionMask = 2147483647;
			files = (
			);
			runOnlyForDeploymentPostprocessing = 0;
		};
		88A816382984351400A102DB /* Frameworks */ = {
			isa = PBXFrameworksBuildPhase;
			buildActionMask = 2147483647;
			files = (
			);
			runOnlyForDeploymentPostprocessing = 0;
		};
/* End PBXFrameworksBuildPhase section */

/* Begin PBXGroup section */
		88A816182984351200A102DB = {
			isa = PBXGroup;
			children = (
				88580FF8298ABF330097D893 /* .swiftlint.yml */,
				88B5E47E298816E000568BB5 /* ReleaseConfig.xcconfig */,
				88B5E47A298815E200568BB5 /* DebugConfig.xcconfig */,
				88A816232984351200A102DB /* Status */,
				88A816342984351400A102DB /* StatusTests */,
				88A8163E2984351400A102DB /* StatusUITests */,
				88A816222984351200A102DB /* Products */,
			);
			sourceTree = "<group>";
		};
		88A816222984351200A102DB /* Products */ = {
			isa = PBXGroup;
			children = (
				88A816212984351200A102DB /* Status.app */,
				88A816312984351400A102DB /* StatusTests.xctest */,
				88A8163B2984351400A102DB /* StatusUITests.xctest */,
			);
			name = Products;
			sourceTree = "<group>";
		};
		88A816232984351200A102DB /* Status */ = {
			isa = PBXGroup;
			children = (
				88B5E47F29881AFE00568BB5 /* Info.plist */,
				88B5E475298809ED00568BB5 /* Services */,
				88B5E474298809E500568BB5 /* Repositories */,
				88B5E46E2986FC3E00568BB5 /* Extensions */,
				88A8164E2984354200A102DB /* Views */,
				88A816242984351200A102DB /* StatusApp.swift */,
				88A816262984351200A102DB /* ContentView.swift */,
				88A816282984351400A102DB /* Assets.xcassets */,
				88A8162A2984351400A102DB /* Preview Content */,
			);
			path = Status;
			sourceTree = "<group>";
		};
		88A8162A2984351400A102DB /* Preview Content */ = {
			isa = PBXGroup;
			children = (
				88A8162B2984351400A102DB /* Preview Assets.xcassets */,
			);
			path = "Preview Content";
			sourceTree = "<group>";
		};
		88A816342984351400A102DB /* StatusTests */ = {
			isa = PBXGroup;
			children = (
				88A816352984351400A102DB /* StatusTests.swift */,
			);
			path = StatusTests;
			sourceTree = "<group>";
		};
		88A8163E2984351400A102DB /* StatusUITests */ = {
			isa = PBXGroup;
			children = (
				88A8163F2984351400A102DB /* StatusUITests.swift */,
				88A816412984351400A102DB /* StatusUITestsLaunchTests.swift */,
			);
			path = StatusUITests;
			sourceTree = "<group>";
		};
		88A8164E2984354200A102DB /* Views */ = {
			isa = PBXGroup;
			children = (
				88A8164F2984354A00A102DB /* Authentication */,
			);
			path = Views;
			sourceTree = "<group>";
		};
		88A8164F2984354A00A102DB /* Authentication */ = {
			isa = PBXGroup;
			children = (
				88A816522984358200A102DB /* Views */,
				88A816502984356D00A102DB /* AuthViewModel.swift */,
			);
			path = Authentication;
			sourceTree = "<group>";
		};
		88A816522984358200A102DB /* Views */ = {
			isa = PBXGroup;
			children = (
				88A816532984359300A102DB /* AuthView.swift */,
				881C39052985AE240093E23F /* RegisterView.swift */,
				881C39072985AE390093E23F /* LoginView.swift */,
				881C39092985AEBC0093E23F /* Inputs.swift */,
			);
			path = Views;
			sourceTree = "<group>";
		};
		88B5E46E2986FC3E00568BB5 /* Extensions */ = {
			isa = PBXGroup;
			children = (
				88B5E46F2986FC4C00568BB5 /* Color.swift */,
				88B5E480298822F300568BB5 /* String.swift */,
				887F9DDE29951C4400145070 /* Date.swift */,
			);
			path = Extensions;
			sourceTree = "<group>";
		};
		88B5E474298809E500568BB5 /* Repositories */ = {
			isa = PBXGroup;
			children = (
				88B5E47629880A0300568BB5 /* AuthRepository.swift */,
			);
			path = Repositories;
			sourceTree = "<group>";
		};
		88B5E475298809ED00568BB5 /* Services */ = {
			isa = PBXGroup;
			children = (
				88B5E47829880A1900568BB5 /* Status.swift */,
			);
			path = Services;
			sourceTree = "<group>";
		};
/* End PBXGroup section */

/* Begin PBXNativeTarget section */
		88A816202984351200A102DB /* Status */ = {
			isa = PBXNativeTarget;
			buildConfigurationList = 88A816452984351400A102DB /* Build configuration list for PBXNativeTarget "Status" */;
			buildPhases = (
				88A8161D2984351200A102DB /* Sources */,
				88A8161E2984351200A102DB /* Frameworks */,
				88A8161F2984351200A102DB /* Resources */,
				88580FF7298ABDAA0097D893 /* ShellScript */,
			);
			buildRules = (
			);
			dependencies = (
			);
			name = Status;
			productName = Status;
			productReference = 88A816212984351200A102DB /* Status.app */;
			productType = "com.apple.product-type.application";
		};
		88A816302984351400A102DB /* StatusTests */ = {
			isa = PBXNativeTarget;
			buildConfigurationList = 88A816482984351400A102DB /* Build configuration list for PBXNativeTarget "StatusTests" */;
			buildPhases = (
				88A8162D2984351400A102DB /* Sources */,
				88A8162E2984351400A102DB /* Frameworks */,
				88A8162F2984351400A102DB /* Resources */,
			);
			buildRules = (
			);
			dependencies = (
				88A816332984351400A102DB /* PBXTargetDependency */,
			);
			name = StatusTests;
			productName = StatusTests;
			productReference = 88A816312984351400A102DB /* StatusTests.xctest */;
			productType = "com.apple.product-type.bundle.unit-test";
		};
		88A8163A2984351400A102DB /* StatusUITests */ = {
			isa = PBXNativeTarget;
			buildConfigurationList = 88A8164B2984351400A102DB /* Build configuration list for PBXNativeTarget "StatusUITests" */;
			buildPhases = (
				88A816372984351400A102DB /* Sources */,
				88A816382984351400A102DB /* Frameworks */,
				88A816392984351400A102DB /* Resources */,
			);
			buildRules = (
			);
			dependencies = (
				88A8163D2984351400A102DB /* PBXTargetDependency */,
			);
			name = StatusUITests;
			productName = StatusUITests;
			productReference = 88A8163B2984351400A102DB /* StatusUITests.xctest */;
			productType = "com.apple.product-type.bundle.ui-testing";
		};
/* End PBXNativeTarget section */

/* Begin PBXProject section */
		88A816192984351200A102DB /* Project object */ = {
			isa = PBXProject;
			attributes = {
				BuildIndependentTargetsInParallel = 1;
				LastSwiftUpdateCheck = 1420;
				LastUpgradeCheck = 1420;
				TargetAttributes = {
					88A816202984351200A102DB = {
						CreatedOnToolsVersion = 14.2;
					};
					88A816302984351400A102DB = {
						CreatedOnToolsVersion = 14.2;
						TestTargetID = 88A816202984351200A102DB;
					};
					88A8163A2984351400A102DB = {
						CreatedOnToolsVersion = 14.2;
						TestTargetID = 88A816202984351200A102DB;
					};
				};
			};
			buildConfigurationList = 88A8161C2984351200A102DB /* Build configuration list for PBXProject "Status" */;
			compatibilityVersion = "Xcode 14.0";
			developmentRegion = en;
			hasScannedForEncodings = 0;
			knownRegions = (
				en,
				fr,
				Base,
			);
			mainGroup = 88A816182984351200A102DB;
			productRefGroup = 88A816222984351200A102DB /* Products */;
			projectDirPath = "";
			projectRoot = "";
			targets = (
				88A816202984351200A102DB /* Status */,
				88A816302984351400A102DB /* StatusTests */,
				88A8163A2984351400A102DB /* StatusUITests */,
			);
		};
/* End PBXProject section */

/* Begin PBXResourcesBuildPhase section */
		88A8161F2984351200A102DB /* Resources */ = {
			isa = PBXResourcesBuildPhase;
			buildActionMask = 2147483647;
			files = (
				88A8162C2984351400A102DB /* Preview Assets.xcassets in Resources */,
				88A816292984351400A102DB /* Assets.xcassets in Resources */,
				88B5E47B298815E200568BB5 /* DebugConfig.xcconfig in Resources */,
			);
			runOnlyForDeploymentPostprocessing = 0;
		};
		88A8162F2984351400A102DB /* Resources */ = {
			isa = PBXResourcesBuildPhase;
			buildActionMask = 2147483647;
			files = (
				88B5E47C298815E200568BB5 /* DebugConfig.xcconfig in Resources */,
			);
			runOnlyForDeploymentPostprocessing = 0;
		};
		88A816392984351400A102DB /* Resources */ = {
			isa = PBXResourcesBuildPhase;
			buildActionMask = 2147483647;
			files = (
				88B5E47D298815E200568BB5 /* DebugConfig.xcconfig in Resources */,
			);
			runOnlyForDeploymentPostprocessing = 0;
		};
/* End PBXResourcesBuildPhase section */

/* Begin PBXShellScriptBuildPhase section */
		88580FF7298ABDAA0097D893 /* ShellScript */ = {
			isa = PBXShellScriptBuildPhase;
			alwaysOutOfDate = 1;
			buildActionMask = 2147483647;
			files = (
			);
			inputFileListPaths = (
			);
			inputPaths = (
			);
			outputFileListPaths = (
			);
			outputPaths = (
			);
			runOnlyForDeploymentPostprocessing = 0;
			shellPath = /bin/sh;
			shellScript = "# Type a script or drag a script file from your workspace to insert its path.\nif which swiftlint >/dev/null; then\n  swiftlint\nelse\n  echo \"warning: SwiftLint not installed, download from https://github.com/realm/SwiftLint\"\nfi\n";
		};
/* End PBXShellScriptBuildPhase section */

/* Begin PBXSourcesBuildPhase section */
		88A8161D2984351200A102DB /* Sources */ = {
			isa = PBXSourcesBuildPhase;
			buildActionMask = 2147483647;
			files = (
				881C39082985AE390093E23F /* LoginView.swift in Sources */,
				88B5E481298822F300568BB5 /* String.swift in Sources */,
				88B5E47929880A1900568BB5 /* Status.swift in Sources */,
				88A816272984351200A102DB /* ContentView.swift in Sources */,
				881C39062985AE250093E23F /* RegisterView.swift in Sources */,
				88A816252984351200A102DB /* StatusApp.swift in Sources */,
				88A816542984359300A102DB /* AuthView.swift in Sources */,
				887F9DDF29951C4400145070 /* Date.swift in Sources */,
				88B5E4702986FC4C00568BB5 /* Color.swift in Sources */,
				88B5E47729880A0300568BB5 /* AuthRepository.swift in Sources */,
				88A816512984356D00A102DB /* AuthViewModel.swift in Sources */,
				881C390A2985AEBC0093E23F /* Inputs.swift in Sources */,
			);
			runOnlyForDeploymentPostprocessing = 0;
		};
		88A8162D2984351400A102DB /* Sources */ = {
			isa = PBXSourcesBuildPhase;
			buildActionMask = 2147483647;
			files = (
				88A816362984351400A102DB /* StatusTests.swift in Sources */,
			);
			runOnlyForDeploymentPostprocessing = 0;
		};
		88A816372984351400A102DB /* Sources */ = {
			isa = PBXSourcesBuildPhase;
			buildActionMask = 2147483647;
			files = (
				88A816422984351400A102DB /* StatusUITestsLaunchTests.swift in Sources */,
				88A816402984351400A102DB /* StatusUITests.swift in Sources */,
			);
			runOnlyForDeploymentPostprocessing = 0;
		};
/* End PBXSourcesBuildPhase section */

/* Begin PBXTargetDependency section */
		88A816332984351400A102DB /* PBXTargetDependency */ = {
			isa = PBXTargetDependency;
			target = 88A816202984351200A102DB /* Status */;
			targetProxy = 88A816322984351400A102DB /* PBXContainerItemProxy */;
		};
		88A8163D2984351400A102DB /* PBXTargetDependency */ = {
			isa = PBXTargetDependency;
			target = 88A816202984351200A102DB /* Status */;
			targetProxy = 88A8163C2984351400A102DB /* PBXContainerItemProxy */;
		};
/* End PBXTargetDependency section */

/* Begin XCBuildConfiguration section */
		88A816432984351400A102DB /* Debug */ = {
			isa = XCBuildConfiguration;
			baseConfigurationReference = 88B5E47A298815E200568BB5 /* DebugConfig.xcconfig */;
			buildSettings = {
				ALWAYS_SEARCH_USER_PATHS = NO;
				CLANG_ANALYZER_LOCALIZABILITY_NONLOCALIZED = YES;
				CLANG_ANALYZER_NONNULL = YES;
				CLANG_ANALYZER_NUMBER_OBJECT_CONVERSION = YES_AGGRESSIVE;
				CLANG_CXX_LANGUAGE_STANDARD = "gnu++20";
				CLANG_ENABLE_MODULES = YES;
				CLANG_ENABLE_OBJC_ARC = YES;
				CLANG_ENABLE_OBJC_WEAK = YES;
				CLANG_WARN_BLOCK_CAPTURE_AUTORELEASING = YES;
				CLANG_WARN_BOOL_CONVERSION = YES;
				CLANG_WARN_COMMA = YES;
				CLANG_WARN_CONSTANT_CONVERSION = YES;
				CLANG_WARN_DEPRECATED_OBJC_IMPLEMENTATIONS = YES;
				CLANG_WARN_DIRECT_OBJC_ISA_USAGE = YES_ERROR;
				CLANG_WARN_DOCUMENTATION_COMMENTS = YES;
				CLANG_WARN_EMPTY_BODY = YES;
				CLANG_WARN_ENUM_CONVERSION = YES;
				CLANG_WARN_INFINITE_RECURSION = YES;
				CLANG_WARN_INT_CONVERSION = YES;
				CLANG_WARN_NON_LITERAL_NULL_CONVERSION = YES;
				CLANG_WARN_OBJC_IMPLICIT_RETAIN_SELF = YES;
				CLANG_WARN_OBJC_LITERAL_CONVERSION = YES;
				CLANG_WARN_OBJC_ROOT_CLASS = YES_ERROR;
				CLANG_WARN_QUOTED_INCLUDE_IN_FRAMEWORK_HEADER = YES;
				CLANG_WARN_RANGE_LOOP_ANALYSIS = YES;
				CLANG_WARN_STRICT_PROTOTYPES = YES;
				CLANG_WARN_SUSPICIOUS_MOVE = YES;
				CLANG_WARN_UNGUARDED_AVAILABILITY = YES_AGGRESSIVE;
				CLANG_WARN_UNREACHABLE_CODE = YES;
				CLANG_WARN__DUPLICATE_METHOD_MATCH = YES;
				COPY_PHASE_STRIP = NO;
				DEBUG_INFORMATION_FORMAT = dwarf;
				ENABLE_STRICT_OBJC_MSGSEND = YES;
				ENABLE_TESTABILITY = YES;
				GCC_C_LANGUAGE_STANDARD = gnu11;
				GCC_DYNAMIC_NO_PIC = NO;
				GCC_NO_COMMON_BLOCKS = YES;
				GCC_OPTIMIZATION_LEVEL = 0;
				GCC_PREPROCESSOR_DEFINITIONS = (
					"DEBUG=1",
					"$(inherited)",
				);
				GCC_WARN_64_TO_32_BIT_CONVERSION = YES;
				GCC_WARN_ABOUT_RETURN_TYPE = YES_ERROR;
				GCC_WARN_UNDECLARED_SELECTOR = YES;
				GCC_WARN_UNINITIALIZED_AUTOS = YES_AGGRESSIVE;
				GCC_WARN_UNUSED_FUNCTION = YES;
				GCC_WARN_UNUSED_VARIABLE = YES;
				IPHONEOS_DEPLOYMENT_TARGET = 16.2;
				MTL_ENABLE_DEBUG_INFO = INCLUDE_SOURCE;
				MTL_FAST_MATH = YES;
				ONLY_ACTIVE_ARCH = YES;
				SDKROOT = iphoneos;
				SWIFT_ACTIVE_COMPILATION_CONDITIONS = DEBUG;
				SWIFT_OPTIMIZATION_LEVEL = "-Onone";
			};
			name = Debug;
		};
		88A816442984351400A102DB /* Release */ = {
			isa = XCBuildConfiguration;
			baseConfigurationReference = 88B5E47E298816E000568BB5 /* ReleaseConfig.xcconfig */;
			buildSettings = {
				ALWAYS_SEARCH_USER_PATHS = NO;
				CLANG_ANALYZER_LOCALIZABILITY_NONLOCALIZED = YES;
				CLANG_ANALYZER_NONNULL = YES;
				CLANG_ANALYZER_NUMBER_OBJECT_CONVERSION = YES_AGGRESSIVE;
				CLANG_CXX_LANGUAGE_STANDARD = "gnu++20";
				CLANG_ENABLE_MODULES = YES;
				CLANG_ENABLE_OBJC_ARC = YES;
				CLANG_ENABLE_OBJC_WEAK = YES;
				CLANG_WARN_BLOCK_CAPTURE_AUTORELEASING = YES;
				CLANG_WARN_BOOL_CONVERSION = YES;
				CLANG_WARN_COMMA = YES;
				CLANG_WARN_CONSTANT_CONVERSION = YES;
				CLANG_WARN_DEPRECATED_OBJC_IMPLEMENTATIONS = YES;
				CLANG_WARN_DIRECT_OBJC_ISA_USAGE = YES_ERROR;
				CLANG_WARN_DOCUMENTATION_COMMENTS = YES;
				CLANG_WARN_EMPTY_BODY = YES;
				CLANG_WARN_ENUM_CONVERSION = YES;
				CLANG_WARN_INFINITE_RECURSION = YES;
				CLANG_WARN_INT_CONVERSION = YES;
				CLANG_WARN_NON_LITERAL_NULL_CONVERSION = YES;
				CLANG_WARN_OBJC_IMPLICIT_RETAIN_SELF = YES;
				CLANG_WARN_OBJC_LITERAL_CONVERSION = YES;
				CLANG_WARN_OBJC_ROOT_CLASS = YES_ERROR;
				CLANG_WARN_QUOTED_INCLUDE_IN_FRAMEWORK_HEADER = YES;
				CLANG_WARN_RANGE_LOOP_ANALYSIS = YES;
				CLANG_WARN_STRICT_PROTOTYPES = YES;
				CLANG_WARN_SUSPICIOUS_MOVE = YES;
				CLANG_WARN_UNGUARDED_AVAILABILITY = YES_AGGRESSIVE;
				CLANG_WARN_UNREACHABLE_CODE = YES;
				CLANG_WARN__DUPLICATE_METHOD_MATCH = YES;
				COPY_PHASE_STRIP = NO;
				DEBUG_INFORMATION_FORMAT = "dwarf-with-dsym";
				ENABLE_NS_ASSERTIONS = NO;
				ENABLE_STRICT_OBJC_MSGSEND = YES;
				GCC_C_LANGUAGE_STANDARD = gnu11;
				GCC_NO_COMMON_BLOCKS = YES;
				GCC_WARN_64_TO_32_BIT_CONVERSION = YES;
				GCC_WARN_ABOUT_RETURN_TYPE = YES_ERROR;
				GCC_WARN_UNDECLARED_SELECTOR = YES;
				GCC_WARN_UNINITIALIZED_AUTOS = YES_AGGRESSIVE;
				GCC_WARN_UNUSED_FUNCTION = YES;
				GCC_WARN_UNUSED_VARIABLE = YES;
				IPHONEOS_DEPLOYMENT_TARGET = 16.2;
				MTL_ENABLE_DEBUG_INFO = NO;
				MTL_FAST_MATH = YES;
				SDKROOT = iphoneos;
				SWIFT_COMPILATION_MODE = wholemodule;
				SWIFT_OPTIMIZATION_LEVEL = "-O";
				VALIDATE_PRODUCT = YES;
			};
			name = Release;
		};
		88A816462984351400A102DB /* Debug */ = {
			isa = XCBuildConfiguration;
			baseConfigurationReference = 88B5E47A298815E200568BB5 /* DebugConfig.xcconfig */;
			buildSettings = {
				ASSETCATALOG_COMPILER_APPICON_NAME = AppIcon;
				ASSETCATALOG_COMPILER_GLOBAL_ACCENT_COLOR_NAME = AccentColor;
				CODE_SIGN_STYLE = Automatic;
				CURRENT_PROJECT_VERSION = 1;
				DEVELOPMENT_ASSET_PATHS = "\"Status/Preview Content\"";
				ENABLE_PREVIEWS = YES;
				GENERATE_INFOPLIST_FILE = YES;
				INFOPLIST_FILE = Status/Info.plist;
				INFOPLIST_KEY_UIApplicationSceneManifest_Generation = YES;
				INFOPLIST_KEY_UIApplicationSupportsIndirectInputEvents = YES;
				INFOPLIST_KEY_UILaunchScreen_Generation = YES;
				INFOPLIST_KEY_UISupportedInterfaceOrientations_iPad = "UIInterfaceOrientationPortrait UIInterfaceOrientationPortraitUpsideDown UIInterfaceOrientationLandscapeLeft UIInterfaceOrientationLandscapeRight";
				INFOPLIST_KEY_UISupportedInterfaceOrientations_iPhone = "UIInterfaceOrientationPortrait UIInterfaceOrientationLandscapeLeft UIInterfaceOrientationLandscapeRight";
				IPHONEOS_DEPLOYMENT_TARGET = 14.1;
				LD_RUNPATH_SEARCH_PATHS = (
					"$(inherited)",
					"@executable_path/Frameworks",
				);
				MARKETING_VERSION = 0.1;
				PRODUCT_BUNDLE_IDENTIFIER = com.Status;
				PRODUCT_NAME = "$(TARGET_NAME)";
				SWIFT_EMIT_LOC_STRINGS = YES;
				SWIFT_VERSION = 5.0;
				TARGETED_DEVICE_FAMILY = "1,2";
			};
			name = Debug;
		};
		88A816472984351400A102DB /* Release */ = {
			isa = XCBuildConfiguration;
			baseConfigurationReference = 88B5E47A298815E200568BB5 /* DebugConfig.xcconfig */;
			buildSettings = {
				ASSETCATALOG_COMPILER_APPICON_NAME = AppIcon;
				ASSETCATALOG_COMPILER_GLOBAL_ACCENT_COLOR_NAME = AccentColor;
				CODE_SIGN_STYLE = Automatic;
				CURRENT_PROJECT_VERSION = 1;
				DEVELOPMENT_ASSET_PATHS = "\"Status/Preview Content\"";
				ENABLE_PREVIEWS = YES;
				GENERATE_INFOPLIST_FILE = YES;
				INFOPLIST_FILE = Status/Info.plist;
				INFOPLIST_KEY_UIApplicationSceneManifest_Generation = YES;
				INFOPLIST_KEY_UIApplicationSupportsIndirectInputEvents = YES;
				INFOPLIST_KEY_UILaunchScreen_Generation = YES;
				INFOPLIST_KEY_UISupportedInterfaceOrientations_iPad = "UIInterfaceOrientationPortrait UIInterfaceOrientationPortraitUpsideDown UIInterfaceOrientationLandscapeLeft UIInterfaceOrientationLandscapeRight";
				INFOPLIST_KEY_UISupportedInterfaceOrientations_iPhone = "UIInterfaceOrientationPortrait UIInterfaceOrientationLandscapeLeft UIInterfaceOrientationLandscapeRight";
				IPHONEOS_DEPLOYMENT_TARGET = 14.1;
				LD_RUNPATH_SEARCH_PATHS = (
					"$(inherited)",
					"@executable_path/Frameworks",
				);
				MARKETING_VERSION = 0.1;
				PRODUCT_BUNDLE_IDENTIFIER = com.Status;
				PRODUCT_NAME = "$(TARGET_NAME)";
				SWIFT_EMIT_LOC_STRINGS = YES;
				SWIFT_VERSION = 5.0;
				TARGETED_DEVICE_FAMILY = "1,2";
			};
			name = Release;
		};
		88A816492984351400A102DB /* Debug */ = {
			isa = XCBuildConfiguration;
			buildSettings = {
				ALWAYS_EMBED_SWIFT_STANDARD_LIBRARIES = YES;
				BUNDLE_LOADER = "$(TEST_HOST)";
				CODE_SIGN_STYLE = Automatic;
				CURRENT_PROJECT_VERSION = 1;
				GENERATE_INFOPLIST_FILE = YES;
				IPHONEOS_DEPLOYMENT_TARGET = 16.2;
				MARKETING_VERSION = 1.0;
				PRODUCT_BUNDLE_IDENTIFIER = com.StatusTests;
				PRODUCT_NAME = "$(TARGET_NAME)";
				SWIFT_EMIT_LOC_STRINGS = NO;
				SWIFT_VERSION = 5.0;
				TARGETED_DEVICE_FAMILY = "1,2";
				TEST_HOST = "$(BUILT_PRODUCTS_DIR)/Status.app/$(BUNDLE_EXECUTABLE_FOLDER_PATH)/Status";
			};
			name = Debug;
		};
		88A8164A2984351400A102DB /* Release */ = {
			isa = XCBuildConfiguration;
			buildSettings = {
				ALWAYS_EMBED_SWIFT_STANDARD_LIBRARIES = YES;
				BUNDLE_LOADER = "$(TEST_HOST)";
				CODE_SIGN_STYLE = Automatic;
				CURRENT_PROJECT_VERSION = 1;
				GENERATE_INFOPLIST_FILE = YES;
				IPHONEOS_DEPLOYMENT_TARGET = 16.2;
				MARKETING_VERSION = 1.0;
				PRODUCT_BUNDLE_IDENTIFIER = com.StatusTests;
				PRODUCT_NAME = "$(TARGET_NAME)";
				SWIFT_EMIT_LOC_STRINGS = NO;
				SWIFT_VERSION = 5.0;
				TARGETED_DEVICE_FAMILY = "1,2";
				TEST_HOST = "$(BUILT_PRODUCTS_DIR)/Status.app/$(BUNDLE_EXECUTABLE_FOLDER_PATH)/Status";
			};
			name = Release;
		};
		88A8164C2984351400A102DB /* Debug */ = {
			isa = XCBuildConfiguration;
			buildSettings = {
				ALWAYS_EMBED_SWIFT_STANDARD_LIBRARIES = YES;
				CODE_SIGN_STYLE = Automatic;
				CURRENT_PROJECT_VERSION = 1;
				GENERATE_INFOPLIST_FILE = YES;
				MARKETING_VERSION = 1.0;
				PRODUCT_BUNDLE_IDENTIFIER = com.StatusUITests;
				PRODUCT_NAME = "$(TARGET_NAME)";
				SWIFT_EMIT_LOC_STRINGS = NO;
				SWIFT_VERSION = 5.0;
				TARGETED_DEVICE_FAMILY = "1,2";
				TEST_TARGET_NAME = Status;
			};
			name = Debug;
		};
		88A8164D2984351400A102DB /* Release */ = {
			isa = XCBuildConfiguration;
			buildSettings = {
				ALWAYS_EMBED_SWIFT_STANDARD_LIBRARIES = YES;
				CODE_SIGN_STYLE = Automatic;
				CURRENT_PROJECT_VERSION = 1;
				GENERATE_INFOPLIST_FILE = YES;
				MARKETING_VERSION = 1.0;
				PRODUCT_BUNDLE_IDENTIFIER = com.StatusUITests;
				PRODUCT_NAME = "$(TARGET_NAME)";
				SWIFT_EMIT_LOC_STRINGS = NO;
				SWIFT_VERSION = 5.0;
				TARGETED_DEVICE_FAMILY = "1,2";
				TEST_TARGET_NAME = Status;
			};
			name = Release;
		};
/* End XCBuildConfiguration section */

/* Begin XCConfigurationList section */
		88A8161C2984351200A102DB /* Build configuration list for PBXProject "Status" */ = {
			isa = XCConfigurationList;
			buildConfigurations = (
				88A816432984351400A102DB /* Debug */,
				88A816442984351400A102DB /* Release */,
			);
			defaultConfigurationIsVisible = 0;
			defaultConfigurationName = Debug;
		};
		88A816452984351400A102DB /* Build configuration list for PBXNativeTarget "Status" */ = {
			isa = XCConfigurationList;
			buildConfigurations = (
				88A816462984351400A102DB /* Debug */,
				88A816472984351400A102DB /* Release */,
			);
			defaultConfigurationIsVisible = 0;
			defaultConfigurationName = Debug;
		};
		88A816482984351400A102DB /* Build configuration list for PBXNativeTarget "StatusTests" */ = {
			isa = XCConfigurationList;
			buildConfigurations = (
				88A816492984351400A102DB /* Debug */,
				88A8164A2984351400A102DB /* Release */,
			);
			defaultConfigurationIsVisible = 0;
			defaultConfigurationName = Debug;
		};
		88A8164B2984351400A102DB /* Build configuration list for PBXNativeTarget "StatusUITests" */ = {
			isa = XCConfigurationList;
			buildConfigurations = (
				88A8164C2984351400A102DB /* Debug */,
				88A8164D2984351400A102DB /* Release */,
			);
			defaultConfigurationIsVisible = 0;
			defaultConfigurationName = Debug;
		};
/* End XCConfigurationList section */
	};
	rootObject = 88A816192984351200A102DB /* Project object */;
}
